# Copiez ce fichier vers .env.local (en local) et renseignez les mêmes
# variables dans Vercel (Project Settings > Environment Variables).

# Dans Supabase : Project Settings > API
VITE_SUPABASE_URL=https://xxxxxxxxxxxx.supabase.co
VITE_SUPABASE_ANON_KEY=eyJhbGciOi...

# Mot de passe d'accès à l'application (protection simple, pas un compte utilisateur)
VITE_APP_PASSWORD=changez-moi
